{
    "requires": true,
    "lockfileVersion": 1,
    "dependencies": {
        "bootstrap-slider": {
            "version": "11.0.2",
            "resolved": "https://registry.npmjs.org/bootstrap-slider/-/bootstrap-slider-11.0.2.tgz",
            "integrity": "sha512-CdwS+Z6X79OkLes9RfDgPB9UIY/+81wTkm6ktdSB6hdyiRbjJLFQIjZdnEr55tDyXZfgC7U6yeSXkNN9ZdGqjA=="
        },
        "core-js": {
            "version": "3.6.5",
            "resolved": "https://registry.npmjs.org/core-js/-/core-js-3.6.5.tgz",
            "integrity": "sha512-vZVEEwZoIsI+vPEuoF9Iqf5H7/M3eeQqWlQnYa8FSKKePuYTf5MWnxb5SDAzCa60b3JBRS5g9b+Dq7b1y/RCrA=="
        },
        "fecha": {
            "version": "3.0.3",
            "resolved": "https://registry.npmjs.org/fecha/-/fecha-3.0.3.tgz",
            "integrity": "sha512-6LQK/1jud/FZnfEEZJ7y81vw7ge81DNd/XEsX0hgMUjhS+QMljkb1C0czBaP7dMNRVrd5mw/J2J7qI2Nw+TWZw=="
        },
        "lodash.throttle": {
            "version": "4.1.1",
            "resolved": "https://registry.npmjs.org/lodash.throttle/-/lodash.throttle-4.1.1.tgz",
            "integrity": "sha1-wj6RtxAkKscMN/HhzaknTMOb8vQ="
        },
        "vue": {
            "version": "2.6.11",
            "resolved": "https://registry.npmjs.org/vue/-/vue-2.6.11.tgz",
            "integrity": "sha512-VfPwgcGABbGAue9+sfrD4PuwFar7gPb1yl1UK1MwXoQPAw0BKSqWfoYCT/ThFrdEVWoI51dBuyCoiNU9bZDZxQ=="
        },
        "vue-hotel-datepicker": {
            "version": "3.0.9",
            "resolved": "https://registry.npmjs.org/vue-hotel-datepicker/-/vue-hotel-datepicker-3.0.9.tgz",
            "integrity": "sha512-kYcQmwAFq6yXOZdgVwvt0+DFZsNu03Hi/ncyn4cvyXZlnhwRZIHOGLsvGxT7AY79yiuVXC3sW8/UIxkbXpkHCg==",
            "requires": {
                "core-js": "^3.6.4",
                "fecha": "^3.0.3",
                "lodash.throttle": "^4.1.1",
                "vue": "^2.6.11",
                "vue-on-click-outside": "^1.0.3"
            }
        },
        "vue-on-click-outside": {
            "version": "1.0.3",
            "resolved": "https://registry.npmjs.org/vue-on-click-outside/-/vue-on-click-outside-1.0.3.tgz",
            "integrity": "sha1-a3IAwrUPpF63fc4tqterQ22d1hE="
        }
    }
}
